
Microsoft Visual Studio Solution File, Format Version 12.00
# Visual Studio Version 17
VisualStudioVersion = 17.12.35707.178 d17.12
MinimumVisualStudioVersion = 10.0.40219.1
Project("{FAE04EC0-301F-11D3-BF4B-00C04F79EFBC}") = "S10444470.Peo_PART1", "S10444470.Peo_PART1.csproj", "{812EB7A9-FBE7-41E3-9F7E-2FF16608C74D}"
EndProject
Global
	GlobalSection(SolutionConfigurationPlatforms) = preSolution
		Debug|Any CPU = Debug|Any CPU
		Release|Any CPU = Release|Any CPU
	EndGlobalSection
	GlobalSection(ProjectConfigurationPlatforms) = postSolution
		{812EB7A9-FBE7-41E3-9F7E-2FF16608C74D}.Debug|Any CPU.ActiveCfg = Debug|Any CPU
		{812EB7A9-FBE7-41E3-9F7E-2FF16608C74D}.Debug|Any CPU.Build.0 = Debug|Any CPU
		{812EB7A9-FBE7-41E3-9F7E-2FF16608C74D}.Release|Any CPU.ActiveCfg = Release|Any CPU
		{812EB7A9-FBE7-41E3-9F7E-2FF16608C74D}.Release|Any CPU.Build.0 = Release|Any CPU
	EndGlobalSection
	GlobalSection(SolutionProperties) = preSolution
		HideSolutionNode = FALSE
	EndGlobalSection
EndGlobal
